
Microsoft Visual Studio Solution File, Format Version 12.00
# Visual Studio Version 17
VisualStudioVersion = 17.13.35931.197
MinimumVisualStudioVersion = 10.0.40219.1
Project("{FAE04EC0-301F-11D3-BF4B-00C04F79EFBC}") = "Traductor", "Traductor\Traductor.csproj", "{5ED4695A-4F0C-4410-A926-8570039BBAF4}"
EndProject
Project("{FAE04EC0-301F-11D3-BF4B-00C04F79EFBC}") = "Api El gago", "Api El gago\Api El gago\Api El gago.csproj", "{53E6C17E-B047-4528-BA79-66396FF6F86D}"
EndProject
Project("{FAE04EC0-301F-11D3-BF4B-00C04F79EFBC}") = "Conector", "Conector\Conector.csproj", "{B3D9DAE8-5165-4234-BEC6-B83AE53E5200}"
EndProject
Global
	GlobalSection(SolutionConfigurationPlatforms) = preSolution
		Debug|Any CPU = Debug|Any CPU
		Release|Any CPU = Release|Any CPU
	EndGlobalSection
	GlobalSection(ProjectConfigurationPlatforms) = postSolution
		{5ED4695A-4F0C-4410-A926-8570039BBAF4}.Debug|Any CPU.ActiveCfg = Debug|Any CPU
		{5ED4695A-4F0C-4410-A926-8570039BBAF4}.Debug|Any CPU.Build.0 = Debug|Any CPU
		{5ED4695A-4F0C-4410-A926-8570039BBAF4}.Release|Any CPU.ActiveCfg = Release|Any CPU
		{5ED4695A-4F0C-4410-A926-8570039BBAF4}.Release|Any CPU.Build.0 = Release|Any CPU
		{53E6C17E-B047-4528-BA79-66396FF6F86D}.Debug|Any CPU.ActiveCfg = Debug|Any CPU
		{53E6C17E-B047-4528-BA79-66396FF6F86D}.Debug|Any CPU.Build.0 = Debug|Any CPU
		{53E6C17E-B047-4528-BA79-66396FF6F86D}.Release|Any CPU.ActiveCfg = Release|Any CPU
		{53E6C17E-B047-4528-BA79-66396FF6F86D}.Release|Any CPU.Build.0 = Release|Any CPU
		{B3D9DAE8-5165-4234-BEC6-B83AE53E5200}.Debug|Any CPU.ActiveCfg = Debug|Any CPU
		{B3D9DAE8-5165-4234-BEC6-B83AE53E5200}.Debug|Any CPU.Build.0 = Debug|Any CPU
		{B3D9DAE8-5165-4234-BEC6-B83AE53E5200}.Release|Any CPU.ActiveCfg = Release|Any CPU
		{B3D9DAE8-5165-4234-BEC6-B83AE53E5200}.Release|Any CPU.Build.0 = Release|Any CPU
	EndGlobalSection
	GlobalSection(SolutionProperties) = preSolution
		HideSolutionNode = FALSE
	EndGlobalSection
	GlobalSection(ExtensibilityGlobals) = postSolution
		SolutionGuid = {E0016D53-A319-40F8-9472-0BA514F40D27}
	EndGlobalSection
EndGlobal
